
Microsoft Visual Studio Solution File, Format Version 12.00
# Visual Studio Version 17
VisualStudioVersion = 17.14.36202.13 d17.14
MinimumVisualStudioVersion = 10.0.40219.1
Project("{FAE04EC0-301F-11D3-BF4B-00C04F79EFBC}") = "WebApp", "WebApp\WebApp.csproj", "{39FA43DE-4BD3-47A4-9F3D-D9C13D8A00F6}"
EndProject
Project("{FAE04EC0-301F-11D3-BF4B-00C04F79EFBC}") = "WebAPI", "WebAPI\WebAPI.csproj", "{F123A89A-67D0-4472-A57E-469F3FB1942E}"
EndProject
Global
	GlobalSection(SolutionConfigurationPlatforms) = preSolution
		Debug|Any CPU = Debug|Any CPU
		Release|Any CPU = Release|Any CPU
	EndGlobalSection
	GlobalSection(ProjectConfigurationPlatforms) = postSolution
		{39FA43DE-4BD3-47A4-9F3D-D9C13D8A00F6}.Debug|Any CPU.ActiveCfg = Debug|Any CPU
		{39FA43DE-4BD3-47A4-9F3D-D9C13D8A00F6}.Debug|Any CPU.Build.0 = Debug|Any CPU
		{39FA43DE-4BD3-47A4-9F3D-D9C13D8A00F6}.Release|Any CPU.ActiveCfg = Release|Any CPU
		{39FA43DE-4BD3-47A4-9F3D-D9C13D8A00F6}.Release|Any CPU.Build.0 = Release|Any CPU
		{F123A89A-67D0-4472-A57E-469F3FB1942E}.Debug|Any CPU.ActiveCfg = Debug|Any CPU
		{F123A89A-67D0-4472-A57E-469F3FB1942E}.Debug|Any CPU.Build.0 = Debug|Any CPU
		{F123A89A-67D0-4472-A57E-469F3FB1942E}.Release|Any CPU.ActiveCfg = Release|Any CPU
		{F123A89A-67D0-4472-A57E-469F3FB1942E}.Release|Any CPU.Build.0 = Release|Any CPU
	EndGlobalSection
	GlobalSection(SolutionProperties) = preSolution
		HideSolutionNode = FALSE
	EndGlobalSection
	GlobalSection(ExtensibilityGlobals) = postSolution
		SolutionGuid = {094F7133-1EA5-4C2E-8302-3409106750E3}
	EndGlobalSection
EndGlobal
